{
  "version": 4,
  "terraform_version": "1.1.2",
  "serial": 49,
  "lineage": "30d923bd-d1c5-04c8-fa0e-155e8399377c",
  "outputs": {},
  "resources": [
    {
      "mode": "data",
      "type": "template_file",
      "name": "maria-vm-cloud-init",
      "provider": "provider[\"registry.terraform.io/hashicorp/template\"]",
      "instances": [
        {
          "index_key": 0,
          "schema_version": 0,
          "attributes": {
            "filename": null,
            "id": "ab335aa3a73e42fed3a8d86b0547cdee90493960b3071860beb078c454ca5acc",
            "rendered": "#!/bin/bash\n\n# ************************************************************************\n# function 4 server config\n#\nconfigure_mysqlserver() {\n    sudo sed -i -e '1,$s/bind\\-address.*127\\.0\\.0\\.1/bind\\-address\\ \\ \\=\\ 0\\.0\\.0\\.0/g' /etc/mysql/mysql.conf.d/mysqld.cnf\n    sudo systemctl restart mysql\n}\n\n\n# ************************************************************************\n# configure admin user\n#\nsudo apt install mysql-server-5.7 -y\nsudo mkdir -p /var/run/mysqld\nsudo chown mysql:mysql /var/run/mysqld\nsudo systemctl enable mysql\nsudo echo \"CREATE USER 'sqladmin'@'%' IDENTIFIED BY 'blackmaria';\" | mysql -u root\nsudo echo \"GRANT ALL on *.* TO 'sqladmin'@'%' WITH GRANT OPTION;\" | mysql -u root\nsudo echo \"FLUSH PRIVILEGES;\" | mysql -u root\n# ************************************************************************\n# server config\n#\nconfigure_mysqlserver\n",
            "template": "#!/bin/bash\n\n# ************************************************************************\n# function 4 server config\n#\nconfigure_mysqlserver() {\n    sudo sed -i -e '1,$s/bind\\-address.*127\\.0\\.0\\.1/bind\\-address\\ \\ \\=\\ 0\\.0\\.0\\.0/g' /etc/mysql/mysql.conf.d/mysqld.cnf\n    sudo systemctl restart mysql\n}\n\n\n# ************************************************************************\n# configure admin user\n#\nsudo apt install mysql-server-5.7 -y\nsudo mkdir -p /var/run/mysqld\nsudo chown mysql:mysql /var/run/mysqld\nsudo systemctl enable mysql\nsudo echo \"CREATE USER 'sqladmin'@'%' IDENTIFIED BY 'blackmaria';\" | mysql -u root\nsudo echo \"GRANT ALL on *.* TO 'sqladmin'@'%' WITH GRANT OPTION;\" | mysql -u root\nsudo echo \"FLUSH PRIVILEGES;\" | mysql -u root\n# ************************************************************************\n# server config\n#\nconfigure_mysqlserver\n",
            "vars": {
              "db_fqdn": "mvb4712-maria0.westeurope.cloudapp.azure.com",
              "db_pwd": "blackmaria",
              "db_user": "sqladmin"
            }
          },
          "sensitive_attributes": []
        },
        {
          "index_key": 1,
          "schema_version": 0,
          "attributes": {
            "filename": null,
            "id": "ab335aa3a73e42fed3a8d86b0547cdee90493960b3071860beb078c454ca5acc",
            "rendered": "#!/bin/bash\n\n# ************************************************************************\n# function 4 server config\n#\nconfigure_mysqlserver() {\n    sudo sed -i -e '1,$s/bind\\-address.*127\\.0\\.0\\.1/bind\\-address\\ \\ \\=\\ 0\\.0\\.0\\.0/g' /etc/mysql/mysql.conf.d/mysqld.cnf\n    sudo systemctl restart mysql\n}\n\n\n# ************************************************************************\n# configure admin user\n#\nsudo apt install mysql-server-5.7 -y\nsudo mkdir -p /var/run/mysqld\nsudo chown mysql:mysql /var/run/mysqld\nsudo systemctl enable mysql\nsudo echo \"CREATE USER 'sqladmin'@'%' IDENTIFIED BY 'blackmaria';\" | mysql -u root\nsudo echo \"GRANT ALL on *.* TO 'sqladmin'@'%' WITH GRANT OPTION;\" | mysql -u root\nsudo echo \"FLUSH PRIVILEGES;\" | mysql -u root\n# ************************************************************************\n# server config\n#\nconfigure_mysqlserver\n",
            "template": "#!/bin/bash\n\n# ************************************************************************\n# function 4 server config\n#\nconfigure_mysqlserver() {\n    sudo sed -i -e '1,$s/bind\\-address.*127\\.0\\.0\\.1/bind\\-address\\ \\ \\=\\ 0\\.0\\.0\\.0/g' /etc/mysql/mysql.conf.d/mysqld.cnf\n    sudo systemctl restart mysql\n}\n\n\n# ************************************************************************\n# configure admin user\n#\nsudo apt install mysql-server-5.7 -y\nsudo mkdir -p /var/run/mysqld\nsudo chown mysql:mysql /var/run/mysqld\nsudo systemctl enable mysql\nsudo echo \"CREATE USER 'sqladmin'@'%' IDENTIFIED BY 'blackmaria';\" | mysql -u root\nsudo echo \"GRANT ALL on *.* TO 'sqladmin'@'%' WITH GRANT OPTION;\" | mysql -u root\nsudo echo \"FLUSH PRIVILEGES;\" | mysql -u root\n# ************************************************************************\n# server config\n#\nconfigure_mysqlserver\n",
            "vars": {
              "db_fqdn": "mvb4712-maria1.westeurope.cloudapp.azure.com",
              "db_pwd": "blackmaria",
              "db_user": "sqladmin"
            }
          },
          "sensitive_attributes": []
        }
      ]
    },
    {
      "mode": "managed",
      "type": "azurerm_linux_virtual_machine",
      "name": "maria",
      "provider": "provider[\"registry.terraform.io/hashicorp/azurerm\"]",
      "instances": [
        {
          "index_key": 0,
          "schema_version": 0,
          "attributes": {
            "additional_capabilities": [],
            "admin_password": null,
            "admin_ssh_key": [
              {
                "public_key": "ssh-rsa AAAAB3NzaC1yc2EAAAADAQABAAABgQDY580Oo892jPfCj3Wv0pG4dmvhiiJsz+wJURZ8R6To0o4Q7OP/S2c2jyK+8hadg2U9MAu+hNRA/4RJvbZD5bx3g6wq6zmfB0xjOvG8WExgcTslrEdPEHkU6aHkN8aa6dpErXWZowonCdxYXeIkjYu+R9CSmi/akBmn8GqNiM1Kk7whYbpLedGi5zQ4blu5xus1PLVLHFsU7m3VLRgUP7OE3ntCed9Vo4C8tCzRw5H/FNg2mVhIXrU2IMRMBNmSrvIDzmvTngjmXz59Kr41IcsBckrrbBnuxQuZV3t6VsF1mDkDNUi9cRKGo7MAFuk0SbKhHn/m7GbloLnOu68eaDlA0EUSu8/U01QO+2/PVkbAiLndx/l5nEUrx8E4PIlUUFZLGfT77wFxAjWab+SL0GmQZ1Ft/tb4w3mwxfCP+BrDQ+6nFICQdDkcxEa5iM509ix9YZCTa0r6qldnAzFiVxKf0C3q/dFsdl0Sweed4YkVjgXghAue2un22qCQaklJmVk= mvb@azcli\n",
                "username": "adminuser"
              }
            ],
            "admin_username": "adminuser",
            "allow_extension_operations": true,
            "availability_set_id": "",
            "boot_diagnostics": [],
            "computer_name": "maria-machine0",
            "custom_data": "IyEvYmluL2Jhc2gKCiMgKioqKioqKioqKioqKioqKioqKioqKioqKioqKioqKioqKioqKioqKioqKioqKioqKioqKioqKioqKioqKioqKioqKioqKioqCiMgZnVuY3Rpb24gNCBzZXJ2ZXIgY29uZmlnCiMKY29uZmlndXJlX215c3Fsc2VydmVyKCkgewogICAgc3VkbyBzZWQgLWkgLWUgJzEsJHMvYmluZFwtYWRkcmVzcy4qMTI3XC4wXC4wXC4xL2JpbmRcLWFkZHJlc3NcIFwgXD1cIDBcLjBcLjBcLjAvZycgL2V0Yy9teXNxbC9teXNxbC5jb25mLmQvbXlzcWxkLmNuZgogICAgc3VkbyBzeXN0ZW1jdGwgcmVzdGFydCBteXNxbAp9CgoKIyAqKioqKioqKioqKioqKioqKioqKioqKioqKioqKioqKioqKioqKioqKioqKioqKioqKioqKioqKioqKioqKioqKioqKioqKioKIyBjb25maWd1cmUgYWRtaW4gdXNlcgojCnN1ZG8gYXB0IGluc3RhbGwgbXlzcWwtc2VydmVyLTUuNyAteQpzdWRvIG1rZGlyIC1wIC92YXIvcnVuL215c3FsZApzdWRvIGNob3duIG15c3FsOm15c3FsIC92YXIvcnVuL215c3FsZApzdWRvIHN5c3RlbWN0bCBlbmFibGUgbXlzcWwKc3VkbyBlY2hvICJDUkVBVEUgVVNFUiAnc3FsYWRtaW4nQCclJyBJREVOVElGSUVEIEJZICdibGFja21hcmlhJzsiIHwgbXlzcWwgLXUgcm9vdApzdWRvIGVjaG8gIkdSQU5UIEFMTCBvbiAqLiogVE8gJ3NxbGFkbWluJ0AnJScgV0lUSCBHUkFOVCBPUFRJT047IiB8IG15c3FsIC11IHJvb3QKc3VkbyBlY2hvICJGTFVTSCBQUklWSUxFR0VTOyIgfCBteXNxbCAtdSByb290CiMgKioqKioqKioqKioqKioqKioqKioqKioqKioqKioqKioqKioqKioqKioqKioqKioqKioqKioqKioqKioqKioqKioqKioqKioqCiMgc2VydmVyIGNvbmZpZwojCmNvbmZpZ3VyZV9teXNxbHNlcnZlcgo=",
            "dedicated_host_id": "",
            "disable_password_authentication": true,
            "encryption_at_host_enabled": false,
            "eviction_policy": "",
            "extensions_time_budget": "PT1H30M",
            "id": "/subscriptions/c6159129-da35-4db3-bfc1-d9a4054a13e9/resourceGroups/maria-resources/providers/Microsoft.Compute/virtualMachines/maria-machine0",
            "identity": [],
            "license_type": "",
            "location": "westeurope",
            "max_bid_price": -1,
            "name": "maria-machine0",
            "network_interface_ids": [
              "/subscriptions/c6159129-da35-4db3-bfc1-d9a4054a13e9/resourceGroups/maria-resources/providers/Microsoft.Network/networkInterfaces/maria-nic0"
            ],
            "os_disk": [
              {
                "caching": "ReadWrite",
                "diff_disk_settings": [],
                "disk_encryption_set_id": "",
                "disk_size_gb": 30,
                "name": "maria-machine0_OsDisk_1_2cff6a3e032c49df97db6d7e3e0e766e",
                "storage_account_type": "Standard_LRS",
                "write_accelerator_enabled": false
              }
            ],
            "patch_mode": "ImageDefault",
            "plan": [],
            "platform_fault_domain": -1,
            "priority": "Regular",
            "private_ip_address": "10.0.2.4",
            "private_ip_addresses": [
              "10.0.2.4"
            ],
            "provision_vm_agent": true,
            "proximity_placement_group_id": "",
            "public_ip_address": "137.117.181.113",
            "public_ip_addresses": [
              "137.117.181.113"
            ],
            "resource_group_name": "maria-resources",
            "secret": [],
            "secure_boot_enabled": false,
            "size": "Standard_B1ls",
            "source_image_id": "",
            "source_image_reference": [
              {
                "offer": "UbuntuServer",
                "publisher": "Canonical",
                "sku": "18.04-LTS",
                "version": "latest"
              }
            ],
            "tags": null,
            "timeouts": null,
            "virtual_machine_id": "e0437821-728c-4687-a887-c68715e36ed4",
            "virtual_machine_scale_set_id": "",
            "vtpm_enabled": false,
            "zone": ""
          },
          "sensitive_attributes": [],
          "private": "eyJlMmJmYjczMC1lY2FhLTExZTYtOGY4OC0zNDM2M2JjN2M0YzAiOnsiY3JlYXRlIjoyNzAwMDAwMDAwMDAwLCJkZWxldGUiOjI3MDAwMDAwMDAwMDAsInJlYWQiOjMwMDAwMDAwMDAwMCwidXBkYXRlIjoyNzAwMDAwMDAwMDAwfX0=",
          "dependencies": [
            "azurerm_network_interface.maria",
            "azurerm_resource_group.maria",
            "data.template_file.maria-vm-cloud-init"
          ]
        },
        {
          "index_key": 1,
          "schema_version": 0,
          "attributes": {
            "additional_capabilities": [],
            "admin_password": null,
            "admin_ssh_key": [
              {
                "public_key": "ssh-rsa AAAAB3NzaC1yc2EAAAADAQABAAABgQDY580Oo892jPfCj3Wv0pG4dmvhiiJsz+wJURZ8R6To0o4Q7OP/S2c2jyK+8hadg2U9MAu+hNRA/4RJvbZD5bx3g6wq6zmfB0xjOvG8WExgcTslrEdPEHkU6aHkN8aa6dpErXWZowonCdxYXeIkjYu+R9CSmi/akBmn8GqNiM1Kk7whYbpLedGi5zQ4blu5xus1PLVLHFsU7m3VLRgUP7OE3ntCed9Vo4C8tCzRw5H/FNg2mVhIXrU2IMRMBNmSrvIDzmvTngjmXz59Kr41IcsBckrrbBnuxQuZV3t6VsF1mDkDNUi9cRKGo7MAFuk0SbKhHn/m7GbloLnOu68eaDlA0EUSu8/U01QO+2/PVkbAiLndx/l5nEUrx8E4PIlUUFZLGfT77wFxAjWab+SL0GmQZ1Ft/tb4w3mwxfCP+BrDQ+6nFICQdDkcxEa5iM509ix9YZCTa0r6qldnAzFiVxKf0C3q/dFsdl0Sweed4YkVjgXghAue2un22qCQaklJmVk= mvb@azcli\n",
                "username": "adminuser"
              }
            ],
            "admin_username": "adminuser",
            "allow_extension_operations": true,
            "availability_set_id": "",
            "boot_diagnostics": [],
            "computer_name": "maria-machine1",
            "custom_data": "IyEvYmluL2Jhc2gKCiMgKioqKioqKioqKioqKioqKioqKioqKioqKioqKioqKioqKioqKioqKioqKioqKioqKioqKioqKioqKioqKioqKioqKioqKioqCiMgZnVuY3Rpb24gNCBzZXJ2ZXIgY29uZmlnCiMKY29uZmlndXJlX215c3Fsc2VydmVyKCkgewogICAgc3VkbyBzZWQgLWkgLWUgJzEsJHMvYmluZFwtYWRkcmVzcy4qMTI3XC4wXC4wXC4xL2JpbmRcLWFkZHJlc3NcIFwgXD1cIDBcLjBcLjBcLjAvZycgL2V0Yy9teXNxbC9teXNxbC5jb25mLmQvbXlzcWxkLmNuZgogICAgc3VkbyBzeXN0ZW1jdGwgcmVzdGFydCBteXNxbAp9CgoKIyAqKioqKioqKioqKioqKioqKioqKioqKioqKioqKioqKioqKioqKioqKioqKioqKioqKioqKioqKioqKioqKioqKioqKioqKioKIyBjb25maWd1cmUgYWRtaW4gdXNlcgojCnN1ZG8gYXB0IGluc3RhbGwgbXlzcWwtc2VydmVyLTUuNyAteQpzdWRvIG1rZGlyIC1wIC92YXIvcnVuL215c3FsZApzdWRvIGNob3duIG15c3FsOm15c3FsIC92YXIvcnVuL215c3FsZApzdWRvIHN5c3RlbWN0bCBlbmFibGUgbXlzcWwKc3VkbyBlY2hvICJDUkVBVEUgVVNFUiAnc3FsYWRtaW4nQCclJyBJREVOVElGSUVEIEJZICdibGFja21hcmlhJzsiIHwgbXlzcWwgLXUgcm9vdApzdWRvIGVjaG8gIkdSQU5UIEFMTCBvbiAqLiogVE8gJ3NxbGFkbWluJ0AnJScgV0lUSCBHUkFOVCBPUFRJT047IiB8IG15c3FsIC11IHJvb3QKc3VkbyBlY2hvICJGTFVTSCBQUklWSUxFR0VTOyIgfCBteXNxbCAtdSByb290CiMgKioqKioqKioqKioqKioqKioqKioqKioqKioqKioqKioqKioqKioqKioqKioqKioqKioqKioqKioqKioqKioqKioqKioqKioqCiMgc2VydmVyIGNvbmZpZwojCmNvbmZpZ3VyZV9teXNxbHNlcnZlcgo=",
            "dedicated_host_id": "",
            "disable_password_authentication": true,
            "encryption_at_host_enabled": false,
            "eviction_policy": "",
            "extensions_time_budget": "PT1H30M",
            "id": "/subscriptions/c6159129-da35-4db3-bfc1-d9a4054a13e9/resourceGroups/maria-resources/providers/Microsoft.Compute/virtualMachines/maria-machine1",
            "identity": [],
            "license_type": "",
            "location": "westeurope",
            "max_bid_price": -1,
            "name": "maria-machine1",
            "network_interface_ids": [
              "/subscriptions/c6159129-da35-4db3-bfc1-d9a4054a13e9/resourceGroups/maria-resources/providers/Microsoft.Network/networkInterfaces/maria-nic1"
            ],
            "os_disk": [
              {
                "caching": "ReadWrite",
                "diff_disk_settings": [],
                "disk_encryption_set_id": "",
                "disk_size_gb": 30,
                "name": "maria-machine1_OsDisk_1_d54b45bbeaae4c9a8e1a2003c4a436d2",
                "storage_account_type": "Standard_LRS",
                "write_accelerator_enabled": false
              }
            ],
            "patch_mode": "ImageDefault",
            "plan": [],
            "platform_fault_domain": -1,
            "priority": "Regular",
            "private_ip_address": "10.1.2.4",
            "private_ip_addresses": [
              "10.1.2.4"
            ],
            "provision_vm_agent": true,
            "proximity_placement_group_id": "",
            "public_ip_address": "137.117.180.254",
            "public_ip_addresses": [
              "137.117.180.254"
            ],
            "resource_group_name": "maria-resources",
            "secret": [],
            "secure_boot_enabled": false,
            "size": "Standard_B1ls",
            "source_image_id": "",
            "source_image_reference": [
              {
                "offer": "UbuntuServer",
                "publisher": "Canonical",
                "sku": "18.04-LTS",
                "version": "latest"
              }
            ],
            "tags": null,
            "timeouts": null,
            "virtual_machine_id": "2b4df547-6852-42e2-a5ad-caebfbd9a908",
            "virtual_machine_scale_set_id": "",
            "vtpm_enabled": false,
            "zone": ""
          },
          "sensitive_attributes": [],
          "private": "eyJlMmJmYjczMC1lY2FhLTExZTYtOGY4OC0zNDM2M2JjN2M0YzAiOnsiY3JlYXRlIjoyNzAwMDAwMDAwMDAwLCJkZWxldGUiOjI3MDAwMDAwMDAwMDAsInJlYWQiOjMwMDAwMDAwMDAwMCwidXBkYXRlIjoyNzAwMDAwMDAwMDAwfX0=",
          "dependencies": [
            "azurerm_network_interface.maria",
            "azurerm_resource_group.maria",
            "data.template_file.maria-vm-cloud-init"
          ]
        }
      ]
    },
    {
      "mode": "managed",
      "type": "azurerm_network_interface",
      "name": "maria",
      "provider": "provider[\"registry.terraform.io/hashicorp/azurerm\"]",
      "instances": [
        {
          "index_key": 0,
          "schema_version": 0,
          "attributes": {
            "applied_dns_servers": [],
            "dns_servers": [],
            "enable_accelerated_networking": false,
            "enable_ip_forwarding": false,
            "id": "/subscriptions/c6159129-da35-4db3-bfc1-d9a4054a13e9/resourceGroups/maria-resources/providers/Microsoft.Network/networkInterfaces/maria-nic0",
            "internal_dns_name_label": "",
            "internal_domain_name_suffix": "v0o1bnyqdtpepmdvkkalcvap5f.ax.internal.cloudapp.net",
            "ip_configuration": [
              {
                "gateway_load_balancer_frontend_ip_configuration_id": "",
                "name": "internal0",
                "primary": true,
                "private_ip_address": "10.0.2.4",
                "private_ip_address_allocation": "Dynamic",
                "private_ip_address_version": "IPv4",
                "public_ip_address_id": "/subscriptions/c6159129-da35-4db3-bfc1-d9a4054a13e9/resourceGroups/maria-resources/providers/Microsoft.Network/publicIPAddresses/maria-pubIP0",
                "subnet_id": "/subscriptions/c6159129-da35-4db3-bfc1-d9a4054a13e9/resourceGroups/maria-resources/providers/Microsoft.Network/virtualNetworks/maria-network.0/subnets/internal0"
              }
            ],
            "location": "westeurope",
            "mac_address": "00-22-48-82-69-14",
            "name": "maria-nic0",
            "private_ip_address": "10.0.2.4",
            "private_ip_addresses": [
              "10.0.2.4"
            ],
            "resource_group_name": "maria-resources",
            "tags": {},
            "timeouts": null,
            "virtual_machine_id": "/subscriptions/c6159129-da35-4db3-bfc1-d9a4054a13e9/resourceGroups/maria-resources/providers/Microsoft.Compute/virtualMachines/maria-machine0"
          },
          "sensitive_attributes": [],
          "private": "eyJlMmJmYjczMC1lY2FhLTExZTYtOGY4OC0zNDM2M2JjN2M0YzAiOnsiY3JlYXRlIjoxODAwMDAwMDAwMDAwLCJkZWxldGUiOjE4MDAwMDAwMDAwMDAsInJlYWQiOjMwMDAwMDAwMDAwMCwidXBkYXRlIjoxODAwMDAwMDAwMDAwfX0=",
          "dependencies": [
            "azurerm_resource_group.maria",
            "azurerm_subnet.maria",
            "azurerm_virtual_network.maria",
            "azurerm_public_ip.mariapi"
          ]
        },
        {
          "index_key": 1,
          "schema_version": 0,
          "attributes": {
            "applied_dns_servers": [],
            "dns_servers": [],
            "enable_accelerated_networking": false,
            "enable_ip_forwarding": false,
            "id": "/subscriptions/c6159129-da35-4db3-bfc1-d9a4054a13e9/resourceGroups/maria-resources/providers/Microsoft.Network/networkInterfaces/maria-nic1",
            "internal_dns_name_label": "",
            "internal_domain_name_suffix": "lb1wejvkls0ellajf02rw0dgve.ax.internal.cloudapp.net",
            "ip_configuration": [
              {
                "gateway_load_balancer_frontend_ip_configuration_id": "",
                "name": "internal1",
                "primary": true,
                "private_ip_address": "10.1.2.4",
                "private_ip_address_allocation": "Dynamic",
                "private_ip_address_version": "IPv4",
                "public_ip_address_id": "/subscriptions/c6159129-da35-4db3-bfc1-d9a4054a13e9/resourceGroups/maria-resources/providers/Microsoft.Network/publicIPAddresses/maria-pubIP1",
                "subnet_id": "/subscriptions/c6159129-da35-4db3-bfc1-d9a4054a13e9/resourceGroups/maria-resources/providers/Microsoft.Network/virtualNetworks/maria-network.1/subnets/internal1"
              }
            ],
            "location": "westeurope",
            "mac_address": "00-22-48-82-6E-50",
            "name": "maria-nic1",
            "private_ip_address": "10.1.2.4",
            "private_ip_addresses": [
              "10.1.2.4"
            ],
            "resource_group_name": "maria-resources",
            "tags": {},
            "timeouts": null,
            "virtual_machine_id": "/subscriptions/c6159129-da35-4db3-bfc1-d9a4054a13e9/resourceGroups/maria-resources/providers/Microsoft.Compute/virtualMachines/maria-machine1"
          },
          "sensitive_attributes": [],
          "private": "eyJlMmJmYjczMC1lY2FhLTExZTYtOGY4OC0zNDM2M2JjN2M0YzAiOnsiY3JlYXRlIjoxODAwMDAwMDAwMDAwLCJkZWxldGUiOjE4MDAwMDAwMDAwMDAsInJlYWQiOjMwMDAwMDAwMDAwMCwidXBkYXRlIjoxODAwMDAwMDAwMDAwfX0=",
          "dependencies": [
            "azurerm_public_ip.mariapi",
            "azurerm_resource_group.maria",
            "azurerm_subnet.maria",
            "azurerm_virtual_network.maria"
          ]
        }
      ]
    },
    {
      "mode": "managed",
      "type": "azurerm_network_interface_security_group_association",
      "name": "maria",
      "provider": "provider[\"registry.terraform.io/hashicorp/azurerm\"]",
      "instances": [
        {
          "index_key": 0,
          "schema_version": 0,
          "attributes": {
            "id": "/subscriptions/c6159129-da35-4db3-bfc1-d9a4054a13e9/resourceGroups/maria-resources/providers/Microsoft.Network/networkInterfaces/maria-nic0|/subscriptions/c6159129-da35-4db3-bfc1-d9a4054a13e9/resourceGroups/maria-resources/providers/Microsoft.Network/networkSecurityGroups/mariaNSG0",
            "network_interface_id": "/subscriptions/c6159129-da35-4db3-bfc1-d9a4054a13e9/resourceGroups/maria-resources/providers/Microsoft.Network/networkInterfaces/maria-nic0",
            "network_security_group_id": "/subscriptions/c6159129-da35-4db3-bfc1-d9a4054a13e9/resourceGroups/maria-resources/providers/Microsoft.Network/networkSecurityGroups/mariaNSG0",
            "timeouts": null
          },
          "sensitive_attributes": [],
          "private": "eyJlMmJmYjczMC1lY2FhLTExZTYtOGY4OC0zNDM2M2JjN2M0YzAiOnsiY3JlYXRlIjoxODAwMDAwMDAwMDAwLCJkZWxldGUiOjE4MDAwMDAwMDAwMDAsInJlYWQiOjMwMDAwMDAwMDAwMCwidXBkYXRlIjoxODAwMDAwMDAwMDAwfX0=",
          "dependencies": [
            "azurerm_resource_group.maria",
            "azurerm_subnet.maria",
            "azurerm_virtual_network.maria",
            "azurerm_network_interface.maria",
            "azurerm_network_security_group.maria-nsg",
            "azurerm_public_ip.mariapi"
          ]
        },
        {
          "index_key": 1,
          "schema_version": 0,
          "attributes": {
            "id": "/subscriptions/c6159129-da35-4db3-bfc1-d9a4054a13e9/resourceGroups/maria-resources/providers/Microsoft.Network/networkInterfaces/maria-nic1|/subscriptions/c6159129-da35-4db3-bfc1-d9a4054a13e9/resourceGroups/maria-resources/providers/Microsoft.Network/networkSecurityGroups/mariaNSG1",
            "network_interface_id": "/subscriptions/c6159129-da35-4db3-bfc1-d9a4054a13e9/resourceGroups/maria-resources/providers/Microsoft.Network/networkInterfaces/maria-nic1",
            "network_security_group_id": "/subscriptions/c6159129-da35-4db3-bfc1-d9a4054a13e9/resourceGroups/maria-resources/providers/Microsoft.Network/networkSecurityGroups/mariaNSG1",
            "timeouts": null
          },
          "sensitive_attributes": [],
          "private": "eyJlMmJmYjczMC1lY2FhLTExZTYtOGY4OC0zNDM2M2JjN2M0YzAiOnsiY3JlYXRlIjoxODAwMDAwMDAwMDAwLCJkZWxldGUiOjE4MDAwMDAwMDAwMDAsInJlYWQiOjMwMDAwMDAwMDAwMCwidXBkYXRlIjoxODAwMDAwMDAwMDAwfX0=",
          "dependencies": [
            "azurerm_network_interface.maria",
            "azurerm_network_security_group.maria-nsg",
            "azurerm_public_ip.mariapi",
            "azurerm_resource_group.maria",
            "azurerm_subnet.maria",
            "azurerm_virtual_network.maria"
          ]
        }
      ]
    },
    {
      "mode": "managed",
      "type": "azurerm_network_security_group",
      "name": "maria-nsg",
      "provider": "provider[\"registry.terraform.io/hashicorp/azurerm\"]",
      "instances": [
        {
          "index_key": 0,
          "schema_version": 0,
          "attributes": {
            "id": "/subscriptions/c6159129-da35-4db3-bfc1-d9a4054a13e9/resourceGroups/maria-resources/providers/Microsoft.Network/networkSecurityGroups/mariaNSG0",
            "location": "westeurope",
            "name": "mariaNSG0",
            "resource_group_name": "maria-resources",
            "security_rule": [
              {
                "access": "Allow",
                "description": "",
                "destination_address_prefix": "*",
                "destination_address_prefixes": [],
                "destination_application_security_group_ids": [],
                "destination_port_range": "22",
                "destination_port_ranges": [],
                "direction": "Inbound",
                "name": "SSH",
                "priority": 1001,
                "protocol": "Tcp",
                "source_address_prefix": "*",
                "source_address_prefixes": [],
                "source_application_security_group_ids": [],
                "source_port_range": "*",
                "source_port_ranges": []
              },
              {
                "access": "Allow",
                "description": "",
                "destination_address_prefix": "*",
                "destination_address_prefixes": [],
                "destination_application_security_group_ids": [],
                "destination_port_range": "3306",
                "destination_port_ranges": [],
                "direction": "Inbound",
                "name": "mysql-client-in",
                "priority": 1005,
                "protocol": "Tcp",
                "source_address_prefix": "*",
                "source_address_prefixes": [],
                "source_application_security_group_ids": [],
                "source_port_range": "*",
                "source_port_ranges": []
              },
              {
                "access": "Allow",
                "description": "",
                "destination_address_prefix": "*",
                "destination_address_prefixes": [],
                "destination_application_security_group_ids": [],
                "destination_port_range": "3306",
                "destination_port_ranges": [],
                "direction": "Outbound",
                "name": "mysql-client-out",
                "priority": 1005,
                "protocol": "Tcp",
                "source_address_prefix": "*",
                "source_address_prefixes": [],
                "source_application_security_group_ids": [],
                "source_port_range": "*",
                "source_port_ranges": []
              }
            ],
            "tags": {
              "environment": "mariadb"
            },
            "timeouts": null
          },
          "sensitive_attributes": [],
          "private": "eyJlMmJmYjczMC1lY2FhLTExZTYtOGY4OC0zNDM2M2JjN2M0YzAiOnsiY3JlYXRlIjoxODAwMDAwMDAwMDAwLCJkZWxldGUiOjE4MDAwMDAwMDAwMDAsInJlYWQiOjMwMDAwMDAwMDAwMCwidXBkYXRlIjoxODAwMDAwMDAwMDAwfX0=",
          "dependencies": [
            "azurerm_resource_group.maria"
          ]
        },
        {
          "index_key": 1,
          "schema_version": 0,
          "attributes": {
            "id": "/subscriptions/c6159129-da35-4db3-bfc1-d9a4054a13e9/resourceGroups/maria-resources/providers/Microsoft.Network/networkSecurityGroups/mariaNSG1",
            "location": "westeurope",
            "name": "mariaNSG1",
            "resource_group_name": "maria-resources",
            "security_rule": [
              {
                "access": "Allow",
                "description": "",
                "destination_address_prefix": "*",
                "destination_address_prefixes": [],
                "destination_application_security_group_ids": [],
                "destination_port_range": "22",
                "destination_port_ranges": [],
                "direction": "Inbound",
                "name": "SSH",
                "priority": 1001,
                "protocol": "Tcp",
                "source_address_prefix": "*",
                "source_address_prefixes": [],
                "source_application_security_group_ids": [],
                "source_port_range": "*",
                "source_port_ranges": []
              },
              {
                "access": "Allow",
                "description": "",
                "destination_address_prefix": "*",
                "destination_address_prefixes": [],
                "destination_application_security_group_ids": [],
                "destination_port_range": "3306",
                "destination_port_ranges": [],
                "direction": "Inbound",
                "name": "mysql-client-in",
                "priority": 1005,
                "protocol": "Tcp",
                "source_address_prefix": "*",
                "source_address_prefixes": [],
                "source_application_security_group_ids": [],
                "source_port_range": "*",
                "source_port_ranges": []
              },
              {
                "access": "Allow",
                "description": "",
                "destination_address_prefix": "*",
                "destination_address_prefixes": [],
                "destination_application_security_group_ids": [],
                "destination_port_range": "3306",
                "destination_port_ranges": [],
                "direction": "Outbound",
                "name": "mysql-client-out",
                "priority": 1005,
                "protocol": "Tcp",
                "source_address_prefix": "*",
                "source_address_prefixes": [],
                "source_application_security_group_ids": [],
                "source_port_range": "*",
                "source_port_ranges": []
              }
            ],
            "tags": {
              "environment": "mariadb"
            },
            "timeouts": null
          },
          "sensitive_attributes": [],
          "private": "eyJlMmJmYjczMC1lY2FhLTExZTYtOGY4OC0zNDM2M2JjN2M0YzAiOnsiY3JlYXRlIjoxODAwMDAwMDAwMDAwLCJkZWxldGUiOjE4MDAwMDAwMDAwMDAsInJlYWQiOjMwMDAwMDAwMDAwMCwidXBkYXRlIjoxODAwMDAwMDAwMDAwfX0=",
          "dependencies": [
            "azurerm_resource_group.maria"
          ]
        }
      ]
    },
    {
      "mode": "managed",
      "type": "azurerm_public_ip",
      "name": "mariapi",
      "provider": "provider[\"registry.terraform.io/hashicorp/azurerm\"]",
      "instances": [
        {
          "index_key": 0,
          "schema_version": 0,
          "attributes": {
            "allocation_method": "Static",
            "availability_zone": "No-Zone",
            "domain_name_label": "mvb4712-maria0",
            "fqdn": "mvb4712-maria0.westeurope.cloudapp.azure.com",
            "id": "/subscriptions/c6159129-da35-4db3-bfc1-d9a4054a13e9/resourceGroups/maria-resources/providers/Microsoft.Network/publicIPAddresses/maria-pubIP0",
            "idle_timeout_in_minutes": 4,
            "ip_address": "137.117.181.113",
            "ip_tags": {},
            "ip_version": "IPv4",
            "location": "westeurope",
            "name": "maria-pubIP0",
            "public_ip_prefix_id": null,
            "resource_group_name": "maria-resources",
            "reverse_fqdn": "",
            "sku": "Basic",
            "sku_tier": "Regional",
            "tags": {},
            "timeouts": null,
            "zones": []
          },
          "sensitive_attributes": [],
          "private": "eyJlMmJmYjczMC1lY2FhLTExZTYtOGY4OC0zNDM2M2JjN2M0YzAiOnsiY3JlYXRlIjoxODAwMDAwMDAwMDAwLCJkZWxldGUiOjE4MDAwMDAwMDAwMDAsInJlYWQiOjMwMDAwMDAwMDAwMCwidXBkYXRlIjoxODAwMDAwMDAwMDAwfX0=",
          "dependencies": [
            "azurerm_resource_group.maria"
          ]
        },
        {
          "index_key": 1,
          "schema_version": 0,
          "attributes": {
            "allocation_method": "Static",
            "availability_zone": "No-Zone",
            "domain_name_label": "mvb4712-maria1",
            "fqdn": "mvb4712-maria1.westeurope.cloudapp.azure.com",
            "id": "/subscriptions/c6159129-da35-4db3-bfc1-d9a4054a13e9/resourceGroups/maria-resources/providers/Microsoft.Network/publicIPAddresses/maria-pubIP1",
            "idle_timeout_in_minutes": 4,
            "ip_address": "137.117.180.254",
            "ip_tags": {},
            "ip_version": "IPv4",
            "location": "westeurope",
            "name": "maria-pubIP1",
            "public_ip_prefix_id": null,
            "resource_group_name": "maria-resources",
            "reverse_fqdn": "",
            "sku": "Basic",
            "sku_tier": "Regional",
            "tags": {},
            "timeouts": null,
            "zones": []
          },
          "sensitive_attributes": [],
          "private": "eyJlMmJmYjczMC1lY2FhLTExZTYtOGY4OC0zNDM2M2JjN2M0YzAiOnsiY3JlYXRlIjoxODAwMDAwMDAwMDAwLCJkZWxldGUiOjE4MDAwMDAwMDAwMDAsInJlYWQiOjMwMDAwMDAwMDAwMCwidXBkYXRlIjoxODAwMDAwMDAwMDAwfX0=",
          "dependencies": [
            "azurerm_resource_group.maria"
          ]
        }
      ]
    },
    {
      "mode": "managed",
      "type": "azurerm_resource_group",
      "name": "maria",
      "provider": "provider[\"registry.terraform.io/hashicorp/azurerm\"]",
      "instances": [
        {
          "schema_version": 0,
          "attributes": {
            "id": "/subscriptions/c6159129-da35-4db3-bfc1-d9a4054a13e9/resourceGroups/maria-resources",
            "location": "westeurope",
            "name": "maria-resources",
            "tags": {},
            "timeouts": null
          },
          "sensitive_attributes": [],
          "private": "eyJlMmJmYjczMC1lY2FhLTExZTYtOGY4OC0zNDM2M2JjN2M0YzAiOnsiY3JlYXRlIjo1NDAwMDAwMDAwMDAwLCJkZWxldGUiOjU0MDAwMDAwMDAwMDAsInJlYWQiOjMwMDAwMDAwMDAwMCwidXBkYXRlIjo1NDAwMDAwMDAwMDAwfX0="
        }
      ]
    },
    {
      "mode": "managed",
      "type": "azurerm_subnet",
      "name": "maria",
      "provider": "provider[\"registry.terraform.io/hashicorp/azurerm\"]",
      "instances": [
        {
          "index_key": 0,
          "schema_version": 0,
          "attributes": {
            "address_prefix": "10.0.2.0/24",
            "address_prefixes": [
              "10.0.2.0/24"
            ],
            "delegation": [],
            "enforce_private_link_endpoint_network_policies": false,
            "enforce_private_link_service_network_policies": false,
            "id": "/subscriptions/c6159129-da35-4db3-bfc1-d9a4054a13e9/resourceGroups/maria-resources/providers/Microsoft.Network/virtualNetworks/maria-network.0/subnets/internal0",
            "name": "internal0",
            "resource_group_name": "maria-resources",
            "service_endpoint_policy_ids": [],
            "service_endpoints": [],
            "timeouts": null,
            "virtual_network_name": "maria-network.0"
          },
          "sensitive_attributes": [],
          "private": "eyJlMmJmYjczMC1lY2FhLTExZTYtOGY4OC0zNDM2M2JjN2M0YzAiOnsiY3JlYXRlIjoxODAwMDAwMDAwMDAwLCJkZWxldGUiOjE4MDAwMDAwMDAwMDAsInJlYWQiOjMwMDAwMDAwMDAwMCwidXBkYXRlIjoxODAwMDAwMDAwMDAwfX0=",
          "dependencies": [
            "azurerm_resource_group.maria",
            "azurerm_virtual_network.maria"
          ]
        },
        {
          "index_key": 1,
          "schema_version": 0,
          "attributes": {
            "address_prefix": "10.1.2.0/24",
            "address_prefixes": [
              "10.1.2.0/24"
            ],
            "delegation": [],
            "enforce_private_link_endpoint_network_policies": false,
            "enforce_private_link_service_network_policies": false,
            "id": "/subscriptions/c6159129-da35-4db3-bfc1-d9a4054a13e9/resourceGroups/maria-resources/providers/Microsoft.Network/virtualNetworks/maria-network.1/subnets/internal1",
            "name": "internal1",
            "resource_group_name": "maria-resources",
            "service_endpoint_policy_ids": [],
            "service_endpoints": [],
            "timeouts": null,
            "virtual_network_name": "maria-network.1"
          },
          "sensitive_attributes": [],
          "private": "eyJlMmJmYjczMC1lY2FhLTExZTYtOGY4OC0zNDM2M2JjN2M0YzAiOnsiY3JlYXRlIjoxODAwMDAwMDAwMDAwLCJkZWxldGUiOjE4MDAwMDAwMDAwMDAsInJlYWQiOjMwMDAwMDAwMDAwMCwidXBkYXRlIjoxODAwMDAwMDAwMDAwfX0=",
          "dependencies": [
            "azurerm_resource_group.maria",
            "azurerm_virtual_network.maria"
          ]
        }
      ]
    },
    {
      "mode": "managed",
      "type": "azurerm_virtual_network",
      "name": "maria",
      "provider": "provider[\"registry.terraform.io/hashicorp/azurerm\"]",
      "instances": [
        {
          "index_key": 0,
          "schema_version": 0,
          "attributes": {
            "address_space": [
              "10.0.0.0/16"
            ],
            "bgp_community": "",
            "ddos_protection_plan": [],
            "dns_servers": [],
            "flow_timeout_in_minutes": 0,
            "guid": "b7b09dae-1c10-47de-b075-5280b1540ffd",
            "id": "/subscriptions/c6159129-da35-4db3-bfc1-d9a4054a13e9/resourceGroups/maria-resources/providers/Microsoft.Network/virtualNetworks/maria-network.0",
            "location": "westeurope",
            "name": "maria-network.0",
            "resource_group_name": "maria-resources",
            "subnet": [
              {
                "address_prefix": "10.0.2.0/24",
                "id": "/subscriptions/c6159129-da35-4db3-bfc1-d9a4054a13e9/resourceGroups/maria-resources/providers/Microsoft.Network/virtualNetworks/maria-network.0/subnets/internal0",
                "name": "internal0",
                "security_group": ""
              }
            ],
            "tags": {},
            "timeouts": null,
            "vm_protection_enabled": false
          },
          "sensitive_attributes": [],
          "private": "eyJlMmJmYjczMC1lY2FhLTExZTYtOGY4OC0zNDM2M2JjN2M0YzAiOnsiY3JlYXRlIjoxODAwMDAwMDAwMDAwLCJkZWxldGUiOjE4MDAwMDAwMDAwMDAsInJlYWQiOjMwMDAwMDAwMDAwMCwidXBkYXRlIjoxODAwMDAwMDAwMDAwfX0=",
          "dependencies": [
            "azurerm_resource_group.maria"
          ]
        },
        {
          "index_key": 1,
          "schema_version": 0,
          "attributes": {
            "address_space": [
              "10.1.0.0/16"
            ],
            "bgp_community": "",
            "ddos_protection_plan": [],
            "dns_servers": [],
            "flow_timeout_in_minutes": 0,
            "guid": "26627758-5caa-45b4-ac09-2eb91b6866ac",
            "id": "/subscriptions/c6159129-da35-4db3-bfc1-d9a4054a13e9/resourceGroups/maria-resources/providers/Microsoft.Network/virtualNetworks/maria-network.1",
            "location": "westeurope",
            "name": "maria-network.1",
            "resource_group_name": "maria-resources",
            "subnet": [
              {
                "address_prefix": "10.1.2.0/24",
                "id": "/subscriptions/c6159129-da35-4db3-bfc1-d9a4054a13e9/resourceGroups/maria-resources/providers/Microsoft.Network/virtualNetworks/maria-network.1/subnets/internal1",
                "name": "internal1",
                "security_group": ""
              }
            ],
            "tags": {},
            "timeouts": null,
            "vm_protection_enabled": false
          },
          "sensitive_attributes": [],
          "private": "eyJlMmJmYjczMC1lY2FhLTExZTYtOGY4OC0zNDM2M2JjN2M0YzAiOnsiY3JlYXRlIjoxODAwMDAwMDAwMDAwLCJkZWxldGUiOjE4MDAwMDAwMDAwMDAsInJlYWQiOjMwMDAwMDAwMDAwMCwidXBkYXRlIjoxODAwMDAwMDAwMDAwfX0=",
          "dependencies": [
            "azurerm_resource_group.maria"
          ]
        }
      ]
    }
  ]
}
